
Microsoft Visual Studio Solution File, Format Version 12.00
# Visual Studio Version 17
VisualStudioVersion = 17.7.34202.233
MinimumVisualStudioVersion = 10.0.40219.1
Project("{9A19103F-16F7-4668-BE54-9A1E7A4F7556}") = "FrmView", "FrmView\FrmView.csproj", "{E07F6F74-C96D-4571-81E4-B281EF767BAD}"
EndProject
Project("{9A19103F-16F7-4668-BE54-9A1E7A4F7556}") = "Entidades", "Entidades\Entidades.csproj", "{79D5404E-6C9F-4751-904A-DDE7CAB51032}"
EndProject
Project("{FAE04EC0-301F-11D3-BF4B-00C04F79EFBC}") = "Testing", "Testing\Testing.csproj", "{00585EA9-8595-4867-9395-211114426494}"
EndProject
Global
	GlobalSection(SolutionConfigurationPlatforms) = preSolution
		Debug|Any CPU = Debug|Any CPU
		Release|Any CPU = Release|Any CPU
	EndGlobalSection
	GlobalSection(ProjectConfigurationPlatforms) = postSolution
		{E07F6F74-C96D-4571-81E4-B281EF767BAD}.Debug|Any CPU.ActiveCfg = Debug|Any CPU
		{E07F6F74-C96D-4571-81E4-B281EF767BAD}.Debug|Any CPU.Build.0 = Debug|Any CPU
		{E07F6F74-C96D-4571-81E4-B281EF767BAD}.Release|Any CPU.ActiveCfg = Release|Any CPU
		{E07F6F74-C96D-4571-81E4-B281EF767BAD}.Release|Any CPU.Build.0 = Release|Any CPU
		{79D5404E-6C9F-4751-904A-DDE7CAB51032}.Debug|Any CPU.ActiveCfg = Debug|Any CPU
		{79D5404E-6C9F-4751-904A-DDE7CAB51032}.Debug|Any CPU.Build.0 = Debug|Any CPU
		{79D5404E-6C9F-4751-904A-DDE7CAB51032}.Release|Any CPU.ActiveCfg = Release|Any CPU
		{79D5404E-6C9F-4751-904A-DDE7CAB51032}.Release|Any CPU.Build.0 = Release|Any CPU
		{00585EA9-8595-4867-9395-211114426494}.Debug|Any CPU.ActiveCfg = Debug|Any CPU
		{00585EA9-8595-4867-9395-211114426494}.Debug|Any CPU.Build.0 = Debug|Any CPU
		{00585EA9-8595-4867-9395-211114426494}.Release|Any CPU.ActiveCfg = Release|Any CPU
		{00585EA9-8595-4867-9395-211114426494}.Release|Any CPU.Build.0 = Release|Any CPU
	EndGlobalSection
	GlobalSection(SolutionProperties) = preSolution
		HideSolutionNode = FALSE
	EndGlobalSection
	GlobalSection(ExtensibilityGlobals) = postSolution
		SolutionGuid = {C587DB38-0FB6-4814-881F-614C226BC40F}
	EndGlobalSection
EndGlobal
